// !$*UTF8*$!
{
	archiveVersion = 1;
	classes = {
	};
	objectVersion = 56;
	objects = {

/* Begin PBXBuildFile section */
		0D4495B92AF6A60600F25CD4 /* FSCalendar in Frameworks */ = {isa = PBXBuildFile; productRef = 0D4495B82AF6A60600F25CD4 /* FSCalendar */; };
		0D4495C62AFA6AE400F25CD4 /* CombineMoya in Frameworks */ = {isa = PBXBuildFile; productRef = 0D4495C52AFA6AE400F25CD4 /* CombineMoya */; };
		0D4495C82AFA6AE400F25CD4 /* Moya in Frameworks */ = {isa = PBXBuildFile; productRef = 0D4495C72AFA6AE400F25CD4 /* Moya */; };
		0D4495CA2AFA6AE400F25CD4 /* ReactiveMoya in Frameworks */ = {isa = PBXBuildFile; productRef = 0D4495C92AFA6AE400F25CD4 /* ReactiveMoya */; };
		0D4495CC2AFA6AE400F25CD4 /* RxMoya in Frameworks */ = {isa = PBXBuildFile; productRef = 0D4495CB2AFA6AE400F25CD4 /* RxMoya */; };
		0D4495CE2AFA6AF400F25CD4 /* GeneralAPI.swift in Sources */ = {isa = PBXBuildFile; fileRef = 0D4495CD2AFA6AF400F25CD4 /* GeneralAPI.swift */; };
		0D58514C2AE2EF9D00C8875A /* Pretendard-Thin.otf in Resources */ = {isa = PBXBuildFile; fileRef = 0DA3276F2AE13C3200319BAB /* Pretendard-Thin.otf */; };
		0D58514E2AE2EFA200C8875A /* Pretendard-Regular.otf in Resources */ = {isa = PBXBuildFile; fileRef = 0DA3276D2AE13C3200319BAB /* Pretendard-Regular.otf */; };
		0D58514F2AE2EFA400C8875A /* Pretendard-Medium.otf in Resources */ = {isa = PBXBuildFile; fileRef = 0DA327702AE13C3200319BAB /* Pretendard-Medium.otf */; };
		0D5851502AE2EFA700C8875A /* Pretendard-ExtraLight.otf in Resources */ = {isa = PBXBuildFile; fileRef = 0DA3276C2AE13C3200319BAB /* Pretendard-ExtraLight.otf */; };
		0D5851512AE2EFA800C8875A /* Pretendard-Light.otf in Resources */ = {isa = PBXBuildFile; fileRef = 0DA327742AE13C3200319BAB /* Pretendard-Light.otf */; };
		0D5851522AE2EFAA00C8875A /* Pretendard-ExtraBold.otf in Resources */ = {isa = PBXBuildFile; fileRef = 0DA3276E2AE13C3200319BAB /* Pretendard-ExtraBold.otf */; };
		0D5851532AE2EFAD00C8875A /* Pretendard-Bold.otf in Resources */ = {isa = PBXBuildFile; fileRef = 0DA327732AE13C3200319BAB /* Pretendard-Bold.otf */; };
		0D5851542AE2EFAF00C8875A /* Pretendard-Black.otf in Resources */ = {isa = PBXBuildFile; fileRef = 0DA327712AE13C3200319BAB /* Pretendard-Black.otf */; };
		0D5851552AE2F03700C8875A /* Pretendard-SemiBold.otf in Resources */ = {isa = PBXBuildFile; fileRef = 0DA327722AE13C3200319BAB /* Pretendard-SemiBold.otf */; };
		0D5851582AE4F34400C8875A /* WorkoutCell.swift in Sources */ = {isa = PBXBuildFile; fileRef = 0D5851572AE4F34400C8875A /* WorkoutCell.swift */; };
		0DA327582AE1321600319BAB /* Mac_HealthApp.swift in Sources */ = {isa = PBXBuildFile; fileRef = 0DA327572AE1321600319BAB /* Mac_HealthApp.swift */; };
		0DA3275A2AE1321600319BAB /* MainView.swift in Sources */ = {isa = PBXBuildFile; fileRef = 0DA327592AE1321600319BAB /* MainView.swift */; };
		0DA3275C2AE1321700319BAB /* Assets.xcassets in Resources */ = {isa = PBXBuildFile; fileRef = 0DA3275B2AE1321700319BAB /* Assets.xcassets */; };
		0DA3275F2AE1321700319BAB /* Preview Assets.xcassets in Resources */ = {isa = PBXBuildFile; fileRef = 0DA3275E2AE1321700319BAB /* Preview Assets.xcassets */; };
		0DA327682AE1359B00319BAB /* Ext+Color.swift in Sources */ = {isa = PBXBuildFile; fileRef = 0DA327672AE1359B00319BAB /* Ext+Color.swift */; };
		0DA3276A2AE13BE000319BAB /* Ext+Font.swift in Sources */ = {isa = PBXBuildFile; fileRef = 0DA327692AE13BE000319BAB /* Ext+Font.swift */; };
		0DA327772AE1470C00319BAB /* Ext+UIScreen.swift in Sources */ = {isa = PBXBuildFile; fileRef = 0DA327762AE1470C00319BAB /* Ext+UIScreen.swift */; };
		0DC02D682AE6B99B00258920 /* Ext+UITabBarController.swift in Sources */ = {isa = PBXBuildFile; fileRef = 0DC02D672AE6B99B00258920 /* Ext+UITabBarController.swift */; };
		D569C7892AF5152100FDADED /* SelectedRoutineView.swift in Sources */ = {isa = PBXBuildFile; fileRef = D569C7882AF5152100FDADED /* SelectedRoutineView.swift */; };
		D569C78B2AF9440600FDADED /* RoutineVM.swift in Sources */ = {isa = PBXBuildFile; fileRef = D569C78A2AF9440600FDADED /* RoutineVM.swift */; };
		D56A0C6D2AF21377004D1747 /* SubscribedInfluencerCard.swift in Sources */ = {isa = PBXBuildFile; fileRef = D56A0C6C2AF21377004D1747 /* SubscribedInfluencerCard.swift */; };
		D56A0C702AF2153A004D1747 /* TodayStartView.swift in Sources */ = {isa = PBXBuildFile; fileRef = D56A0C6F2AF2153A004D1747 /* TodayStartView.swift */; };
		D5B780362AE26B2100A8B76A /* SearchView.swift in Sources */ = {isa = PBXBuildFile; fileRef = D5B780352AE26B2100A8B76A /* SearchView.swift */; };
		D5B780432AE3962200A8B76A /* InfluencerCard.swift in Sources */ = {isa = PBXBuildFile; fileRef = D5B780422AE3962200A8B76A /* InfluencerCard.swift */; };
		D5B7804A2AE3C12800A8B76A /* RecommendInfluencer.swift in Sources */ = {isa = PBXBuildFile; fileRef = D5B780492AE3C12800A8B76A /* RecommendInfluencer.swift */; };
		D5B7804D2AE3CB9800A8B76A /* SubscribeView.swift in Sources */ = {isa = PBXBuildFile; fileRef = D5B7804C2AE3CB9800A8B76A /* SubscribeView.swift */; };
		D5B780542AE4F8FD00A8B76A /* PreviewRoutine.swift in Sources */ = {isa = PBXBuildFile; fileRef = D5B780532AE4F8FD00A8B76A /* PreviewRoutine.swift */; };
		D5B780602AE51E5300A8B76A /* TopImage.swift in Sources */ = {isa = PBXBuildFile; fileRef = D5B7805F2AE51E5300A8B76A /* TopImage.swift */; };
		D5D8F1792AF2A97B0032A788 /* TodaySpecificViewModel.swift in Sources */ = {isa = PBXBuildFile; fileRef = D5D8F1782AF2A97B0032A788 /* TodaySpecificViewModel.swift */; };
		D5D8F17B2AF399830032A788 /* TodayRoutineMultiView.swift in Sources */ = {isa = PBXBuildFile; fileRef = D5D8F17A2AF399830032A788 /* TodayRoutineMultiView.swift */; };
		D5D8F17E2AF39EC80032A788 /* ChangeRoutineView.swift in Sources */ = {isa = PBXBuildFile; fileRef = D5D8F17D2AF39EC80032A788 /* ChangeRoutineView.swift */; };
		F82674C32AF67EF5002BFACD /* DetailedWorkoutSheet.swift in Sources */ = {isa = PBXBuildFile; fileRef = F82674C22AF67EF5002BFACD /* DetailedWorkoutSheet.swift */; };
		F82674C52AF68F11002BFACD /* AlternativeWorkoutSheet.swift in Sources */ = {isa = PBXBuildFile; fileRef = F82674C42AF68F11002BFACD /* AlternativeWorkoutSheet.swift */; };
		F82674C82AF7A7AD002BFACD /* PauseSheet.swift in Sources */ = {isa = PBXBuildFile; fileRef = F82674C72AF7A7AD002BFACD /* PauseSheet.swift */; };
		F82674CD2AF7DA9B002BFACD /* WorkoutStatusView.swift in Sources */ = {isa = PBXBuildFile; fileRef = F82674CC2AF7DA9B002BFACD /* WorkoutStatusView.swift */; };
		F82674CF2AF7F099002BFACD /* WorkoutStatusEditView.swift in Sources */ = {isa = PBXBuildFile; fileRef = F82674CE2AF7F099002BFACD /* WorkoutStatusEditView.swift */; };
		F838A12C2AFB79E500688893 /* APIBody.swift in Sources */ = {isa = PBXBuildFile; fileRef = F838A12B2AFB79E500688893 /* APIBody.swift */; };
		F843AFA12AF6737300EDA547 /* WorkoutListView.swift in Sources */ = {isa = PBXBuildFile; fileRef = F843AFA02AF6737300EDA547 /* WorkoutListView.swift */; };
		F877F0AC2AFBBA40009D49B4 /* TodayRoutineMultiViewModel.swift in Sources */ = {isa = PBXBuildFile; fileRef = F877F0AB2AFBBA40009D49B4 /* TodayRoutineMultiViewModel.swift */; };
		F877F0AE2AFBE9BD009D49B4 /* TodayStartViewModel.swift in Sources */ = {isa = PBXBuildFile; fileRef = F877F0AD2AFBE9BD009D49B4 /* TodayStartViewModel.swift */; };
		F877F0B02AFBEB38009D49B4 /* ChangeRoutineViewModel.swift in Sources */ = {isa = PBXBuildFile; fileRef = F877F0AF2AFBEB38009D49B4 /* ChangeRoutineViewModel.swift */; };
		F877F0B22AFBEC9F009D49B4 /* SelectedRoutineViewModel.swift in Sources */ = {isa = PBXBuildFile; fileRef = F877F0B12AFBEC9F009D49B4 /* SelectedRoutineViewModel.swift */; };
		F89B3BD42AE251F600CACBD9 /* WorkoutOngoingView.swift in Sources */ = {isa = PBXBuildFile; fileRef = F89B3BD32AE251F600CACBD9 /* WorkoutOngoingView.swift */; };
		F89B3BE22AE2BDB700CACBD9 /* WorkoutOngoingVM.swift in Sources */ = {isa = PBXBuildFile; fileRef = F89B3BE12AE2BDB700CACBD9 /* WorkoutOngoingVM.swift */; };
		F89B3BE42AE2C33D00CACBD9 /* WorkoutSetModel.swift in Sources */ = {isa = PBXBuildFile; fileRef = F89B3BE32AE2C33D00CACBD9 /* WorkoutSetModel.swift */; };
		F89B3BE72AE502F000CACBD9 /* WorkoutSequenceCard.swift in Sources */ = {isa = PBXBuildFile; fileRef = F89B3BE62AE502F000CACBD9 /* WorkoutSequenceCard.swift */; };
		F89B3BE92AE503B500CACBD9 /* CheckButton.swift in Sources */ = {isa = PBXBuildFile; fileRef = F89B3BE82AE503B500CACBD9 /* CheckButton.swift */; };
		F89B3BEB2AE5045000CACBD9 /* EmptyCheckButton.swift in Sources */ = {isa = PBXBuildFile; fileRef = F89B3BEA2AE5045000CACBD9 /* EmptyCheckButton.swift */; };
		F89B3BED2AE5064200CACBD9 /* AlternativeWorkoutCard.swift in Sources */ = {isa = PBXBuildFile; fileRef = F89B3BEC2AE5064200CACBD9 /* AlternativeWorkoutCard.swift */; };
		F89B3BEF2AE50D1600CACBD9 /* RelatedContentCard.swift in Sources */ = {isa = PBXBuildFile; fileRef = F89B3BEE2AE50D1600CACBD9 /* RelatedContentCard.swift */; };
		F89B3BF12AE511C100CACBD9 /* WorkoutSetCard.swift in Sources */ = {isa = PBXBuildFile; fileRef = F89B3BF02AE511C100CACBD9 /* WorkoutSetCard.swift */; };
		F89B3BF42AE516A900CACBD9 /* WorkoutModel.swift in Sources */ = {isa = PBXBuildFile; fileRef = F89B3BF32AE516A900CACBD9 /* WorkoutModel.swift */; };
		F8F3A1432AFA35210068F885 /* FSCalendarView.swift in Sources */ = {isa = PBXBuildFile; fileRef = F8F3A13D2AFA35210068F885 /* FSCalendarView.swift */; };
		F8F3A1442AFA35210068F885 /* CalenderView.swift in Sources */ = {isa = PBXBuildFile; fileRef = F8F3A13E2AFA35210068F885 /* CalenderView.swift */; };
		F8F3A1452AFA35210068F885 /* RecordView.swift in Sources */ = {isa = PBXBuildFile; fileRef = F8F3A13F2AFA35210068F885 /* RecordView.swift */; };
		F8F3A1462AFA35210068F885 /* RecordSpecificView.swift in Sources */ = {isa = PBXBuildFile; fileRef = F8F3A1412AFA35210068F885 /* RecordSpecificView.swift */; };
		F8F3A1472AFA35210068F885 /* RecordEditView.swift in Sources */ = {isa = PBXBuildFile; fileRef = F8F3A1422AFA35210068F885 /* RecordEditView.swift */; };
		F8FC2A4C2AFCA0A3006CEE17 /* GeneralAPIManger.swift in Sources */ = {isa = PBXBuildFile; fileRef = F8FC2A4B2AFCA0A3006CEE17 /* GeneralAPIManger.swift */; };
		F8FD48DE2AE7F13C007DB402 /* FloatingButton.swift in Sources */ = {isa = PBXBuildFile; fileRef = F8FD48DD2AE7F13C007DB402 /* FloatingButton.swift */; };
/* End PBXBuildFile section */

/* Begin PBXFileReference section */
		0D4495CD2AFA6AF400F25CD4 /* GeneralAPI.swift */ = {isa = PBXFileReference; lastKnownFileType = sourcecode.swift; path = GeneralAPI.swift; sourceTree = "<group>"; };
		0D5851572AE4F34400C8875A /* WorkoutCell.swift */ = {isa = PBXFileReference; lastKnownFileType = sourcecode.swift; path = WorkoutCell.swift; sourceTree = "<group>"; };
		0DA327542AE1321600319BAB /* Mac_Health.app */ = {isa = PBXFileReference; explicitFileType = wrapper.application; includeInIndex = 0; path = Mac_Health.app; sourceTree = BUILT_PRODUCTS_DIR; };
		0DA327572AE1321600319BAB /* Mac_HealthApp.swift */ = {isa = PBXFileReference; lastKnownFileType = sourcecode.swift; path = Mac_HealthApp.swift; sourceTree = "<group>"; };
		0DA327592AE1321600319BAB /* MainView.swift */ = {isa = PBXFileReference; lastKnownFileType = sourcecode.swift; path = MainView.swift; sourceTree = "<group>"; };
		0DA3275B2AE1321700319BAB /* Assets.xcassets */ = {isa = PBXFileReference; lastKnownFileType = folder.assetcatalog; path = Assets.xcassets; sourceTree = "<group>"; };
		0DA3275E2AE1321700319BAB /* Preview Assets.xcassets */ = {isa = PBXFileReference; lastKnownFileType = folder.assetcatalog; path = "Preview Assets.xcassets"; sourceTree = "<group>"; };
		0DA327672AE1359B00319BAB /* Ext+Color.swift */ = {isa = PBXFileReference; lastKnownFileType = sourcecode.swift; path = "Ext+Color.swift"; sourceTree = "<group>"; };
		0DA327692AE13BE000319BAB /* Ext+Font.swift */ = {isa = PBXFileReference; lastKnownFileType = sourcecode.swift; path = "Ext+Font.swift"; sourceTree = "<group>"; };
		0DA3276C2AE13C3200319BAB /* Pretendard-ExtraLight.otf */ = {isa = PBXFileReference; lastKnownFileType = file; path = "Pretendard-ExtraLight.otf"; sourceTree = "<group>"; };
		0DA3276D2AE13C3200319BAB /* Pretendard-Regular.otf */ = {isa = PBXFileReference; lastKnownFileType = file; path = "Pretendard-Regular.otf"; sourceTree = "<group>"; };
		0DA3276E2AE13C3200319BAB /* Pretendard-ExtraBold.otf */ = {isa = PBXFileReference; lastKnownFileType = file; path = "Pretendard-ExtraBold.otf"; sourceTree = "<group>"; };
		0DA3276F2AE13C3200319BAB /* Pretendard-Thin.otf */ = {isa = PBXFileReference; lastKnownFileType = file; path = "Pretendard-Thin.otf"; sourceTree = "<group>"; };
		0DA327702AE13C3200319BAB /* Pretendard-Medium.otf */ = {isa = PBXFileReference; lastKnownFileType = file; path = "Pretendard-Medium.otf"; sourceTree = "<group>"; };
		0DA327712AE13C3200319BAB /* Pretendard-Black.otf */ = {isa = PBXFileReference; lastKnownFileType = file; path = "Pretendard-Black.otf"; sourceTree = "<group>"; };
		0DA327722AE13C3200319BAB /* Pretendard-SemiBold.otf */ = {isa = PBXFileReference; lastKnownFileType = file; path = "Pretendard-SemiBold.otf"; sourceTree = "<group>"; };
		0DA327732AE13C3200319BAB /* Pretendard-Bold.otf */ = {isa = PBXFileReference; lastKnownFileType = file; path = "Pretendard-Bold.otf"; sourceTree = "<group>"; };
		0DA327742AE13C3200319BAB /* Pretendard-Light.otf */ = {isa = PBXFileReference; lastKnownFileType = file; path = "Pretendard-Light.otf"; sourceTree = "<group>"; };
		0DA327762AE1470C00319BAB /* Ext+UIScreen.swift */ = {isa = PBXFileReference; lastKnownFileType = sourcecode.swift; path = "Ext+UIScreen.swift"; sourceTree = "<group>"; };
		0DC02D672AE6B99B00258920 /* Ext+UITabBarController.swift */ = {isa = PBXFileReference; lastKnownFileType = sourcecode.swift; path = "Ext+UITabBarController.swift"; sourceTree = "<group>"; };
		D569C7882AF5152100FDADED /* SelectedRoutineView.swift */ = {isa = PBXFileReference; lastKnownFileType = sourcecode.swift; path = SelectedRoutineView.swift; sourceTree = "<group>"; };
		D569C78A2AF9440600FDADED /* RoutineVM.swift */ = {isa = PBXFileReference; lastKnownFileType = sourcecode.swift; path = RoutineVM.swift; sourceTree = "<group>"; };
		D56A0C6C2AF21377004D1747 /* SubscribedInfluencerCard.swift */ = {isa = PBXFileReference; lastKnownFileType = sourcecode.swift; path = SubscribedInfluencerCard.swift; sourceTree = "<group>"; };
		D56A0C6F2AF2153A004D1747 /* TodayStartView.swift */ = {isa = PBXFileReference; lastKnownFileType = sourcecode.swift; path = TodayStartView.swift; sourceTree = "<group>"; };
		D5B780352AE26B2100A8B76A /* SearchView.swift */ = {isa = PBXFileReference; lastKnownFileType = sourcecode.swift; path = SearchView.swift; sourceTree = "<group>"; };
		D5B780422AE3962200A8B76A /* InfluencerCard.swift */ = {isa = PBXFileReference; lastKnownFileType = sourcecode.swift; path = InfluencerCard.swift; sourceTree = "<group>"; };
		D5B780492AE3C12800A8B76A /* RecommendInfluencer.swift */ = {isa = PBXFileReference; lastKnownFileType = sourcecode.swift; path = RecommendInfluencer.swift; sourceTree = "<group>"; };
		D5B7804C2AE3CB9800A8B76A /* SubscribeView.swift */ = {isa = PBXFileReference; lastKnownFileType = sourcecode.swift; path = SubscribeView.swift; sourceTree = "<group>"; };
		D5B780532AE4F8FD00A8B76A /* PreviewRoutine.swift */ = {isa = PBXFileReference; lastKnownFileType = sourcecode.swift; path = PreviewRoutine.swift; sourceTree = "<group>"; };
		D5B7805F2AE51E5300A8B76A /* TopImage.swift */ = {isa = PBXFileReference; lastKnownFileType = sourcecode.swift; path = TopImage.swift; sourceTree = "<group>"; };
		D5D8F1782AF2A97B0032A788 /* TodaySpecificViewModel.swift */ = {isa = PBXFileReference; lastKnownFileType = sourcecode.swift; path = TodaySpecificViewModel.swift; sourceTree = "<group>"; };
		D5D8F17A2AF399830032A788 /* TodayRoutineMultiView.swift */ = {isa = PBXFileReference; lastKnownFileType = sourcecode.swift; path = TodayRoutineMultiView.swift; sourceTree = "<group>"; };
		D5D8F17D2AF39EC80032A788 /* ChangeRoutineView.swift */ = {isa = PBXFileReference; lastKnownFileType = sourcecode.swift; path = ChangeRoutineView.swift; sourceTree = "<group>"; };
		F80BF2A72AE6A07D00EA4E07 /* Mac-Health-Info.plist */ = {isa = PBXFileReference; lastKnownFileType = text.plist; path = "Mac-Health-Info.plist"; sourceTree = SOURCE_ROOT; };
		F82674C22AF67EF5002BFACD /* DetailedWorkoutSheet.swift */ = {isa = PBXFileReference; lastKnownFileType = sourcecode.swift; path = DetailedWorkoutSheet.swift; sourceTree = "<group>"; };
		F82674C42AF68F11002BFACD /* AlternativeWorkoutSheet.swift */ = {isa = PBXFileReference; lastKnownFileType = sourcecode.swift; path = AlternativeWorkoutSheet.swift; sourceTree = "<group>"; };
		F82674C72AF7A7AD002BFACD /* PauseSheet.swift */ = {isa = PBXFileReference; lastKnownFileType = sourcecode.swift; path = PauseSheet.swift; sourceTree = "<group>"; };
		F82674CC2AF7DA9B002BFACD /* WorkoutStatusView.swift */ = {isa = PBXFileReference; lastKnownFileType = sourcecode.swift; path = WorkoutStatusView.swift; sourceTree = "<group>"; };
		F82674CE2AF7F099002BFACD /* WorkoutStatusEditView.swift */ = {isa = PBXFileReference; lastKnownFileType = sourcecode.swift; path = WorkoutStatusEditView.swift; sourceTree = "<group>"; };
		F838A12B2AFB79E500688893 /* APIBody.swift */ = {isa = PBXFileReference; lastKnownFileType = sourcecode.swift; path = APIBody.swift; sourceTree = "<group>"; };
		F843AFA02AF6737300EDA547 /* WorkoutListView.swift */ = {isa = PBXFileReference; lastKnownFileType = sourcecode.swift; path = WorkoutListView.swift; sourceTree = "<group>"; };
		F877F0AB2AFBBA40009D49B4 /* TodayRoutineMultiViewModel.swift */ = {isa = PBXFileReference; lastKnownFileType = sourcecode.swift; path = TodayRoutineMultiViewModel.swift; sourceTree = "<group>"; };
		F877F0AD2AFBE9BD009D49B4 /* TodayStartViewModel.swift */ = {isa = PBXFileReference; lastKnownFileType = sourcecode.swift; path = TodayStartViewModel.swift; sourceTree = "<group>"; };
		F877F0AF2AFBEB38009D49B4 /* ChangeRoutineViewModel.swift */ = {isa = PBXFileReference; lastKnownFileType = sourcecode.swift; path = ChangeRoutineViewModel.swift; sourceTree = "<group>"; };
		F877F0B12AFBEC9F009D49B4 /* SelectedRoutineViewModel.swift */ = {isa = PBXFileReference; lastKnownFileType = sourcecode.swift; path = SelectedRoutineViewModel.swift; sourceTree = "<group>"; };
		F89B3BD32AE251F600CACBD9 /* WorkoutOngoingView.swift */ = {isa = PBXFileReference; lastKnownFileType = sourcecode.swift; path = WorkoutOngoingView.swift; sourceTree = "<group>"; };
		F89B3BE12AE2BDB700CACBD9 /* WorkoutOngoingVM.swift */ = {isa = PBXFileReference; lastKnownFileType = sourcecode.swift; path = WorkoutOngoingVM.swift; sourceTree = "<group>"; };
		F89B3BE32AE2C33D00CACBD9 /* WorkoutSetModel.swift */ = {isa = PBXFileReference; lastKnownFileType = sourcecode.swift; path = WorkoutSetModel.swift; sourceTree = "<group>"; };
		F89B3BE62AE502F000CACBD9 /* WorkoutSequenceCard.swift */ = {isa = PBXFileReference; lastKnownFileType = sourcecode.swift; path = WorkoutSequenceCard.swift; sourceTree = "<group>"; };
		F89B3BE82AE503B500CACBD9 /* CheckButton.swift */ = {isa = PBXFileReference; lastKnownFileType = sourcecode.swift; path = CheckButton.swift; sourceTree = "<group>"; };
		F89B3BEA2AE5045000CACBD9 /* EmptyCheckButton.swift */ = {isa = PBXFileReference; lastKnownFileType = sourcecode.swift; path = EmptyCheckButton.swift; sourceTree = "<group>"; };
		F89B3BEC2AE5064200CACBD9 /* AlternativeWorkoutCard.swift */ = {isa = PBXFileReference; lastKnownFileType = sourcecode.swift; path = AlternativeWorkoutCard.swift; sourceTree = "<group>"; };
		F89B3BEE2AE50D1600CACBD9 /* RelatedContentCard.swift */ = {isa = PBXFileReference; lastKnownFileType = sourcecode.swift; path = RelatedContentCard.swift; sourceTree = "<group>"; };
		F89B3BF02AE511C100CACBD9 /* WorkoutSetCard.swift */ = {isa = PBXFileReference; lastKnownFileType = sourcecode.swift; path = WorkoutSetCard.swift; sourceTree = "<group>"; };
		F89B3BF32AE516A900CACBD9 /* WorkoutModel.swift */ = {isa = PBXFileReference; lastKnownFileType = sourcecode.swift; path = WorkoutModel.swift; sourceTree = "<group>"; };
		F8F3A13D2AFA35210068F885 /* FSCalendarView.swift */ = {isa = PBXFileReference; fileEncoding = 4; lastKnownFileType = sourcecode.swift; path = FSCalendarView.swift; sourceTree = "<group>"; };
		F8F3A13E2AFA35210068F885 /* CalenderView.swift */ = {isa = PBXFileReference; fileEncoding = 4; lastKnownFileType = sourcecode.swift; path = CalenderView.swift; sourceTree = "<group>"; };
		F8F3A13F2AFA35210068F885 /* RecordView.swift */ = {isa = PBXFileReference; fileEncoding = 4; lastKnownFileType = sourcecode.swift; name = RecordView.swift; path = Mac_Health/Page/RecordView/View/RecordView.swift; sourceTree = SOURCE_ROOT; };
		F8F3A1412AFA35210068F885 /* RecordSpecificView.swift */ = {isa = PBXFileReference; fileEncoding = 4; lastKnownFileType = sourcecode.swift; path = RecordSpecificView.swift; sourceTree = "<group>"; };
		F8F3A1422AFA35210068F885 /* RecordEditView.swift */ = {isa = PBXFileReference; fileEncoding = 4; lastKnownFileType = sourcecode.swift; name = RecordEditView.swift; path = Mac_Health/Page/RecordView/View/RecordEditView.swift; sourceTree = SOURCE_ROOT; };
		F8FC2A4B2AFCA0A3006CEE17 /* GeneralAPIManger.swift */ = {isa = PBXFileReference; lastKnownFileType = sourcecode.swift; path = GeneralAPIManger.swift; sourceTree = "<group>"; };
		F8FD48DD2AE7F13C007DB402 /* FloatingButton.swift */ = {isa = PBXFileReference; lastKnownFileType = sourcecode.swift; path = FloatingButton.swift; sourceTree = "<group>"; };
/* End PBXFileReference section */

/* Begin PBXFrameworksBuildPhase section */
		0DA327512AE1321600319BAB /* Frameworks */ = {
			isa = PBXFrameworksBuildPhase;
			buildActionMask = 2147483647;
			files = (
				0D4495C82AFA6AE400F25CD4 /* Moya in Frameworks */,
				0D4495C62AFA6AE400F25CD4 /* CombineMoya in Frameworks */,
				0D4495CC2AFA6AE400F25CD4 /* RxMoya in Frameworks */,
				0D4495CA2AFA6AE400F25CD4 /* ReactiveMoya in Frameworks */,
				0D4495B92AF6A60600F25CD4 /* FSCalendar in Frameworks */,
			);
			runOnlyForDeploymentPostprocessing = 0;
		};
/* End PBXFrameworksBuildPhase section */

/* Begin PBXGroup section */
		0D4495C12AFA6AA600F25CD4 /* Network */ = {
			isa = PBXGroup;
			children = (
				0D4495CD2AFA6AF400F25CD4 /* GeneralAPI.swift */,
				F8FC2A4B2AFCA0A3006CEE17 /* GeneralAPIManger.swift */,
				F838A12B2AFB79E500688893 /* APIBody.swift */,
			);
			path = Network;
			sourceTree = "<group>";
		};
		0DA3274B2AE1321600319BAB = {
			isa = PBXGroup;
			children = (
				0DA327562AE1321600319BAB /* Mac_Health */,
				0DA327552AE1321600319BAB /* Products */,
			);
			sourceTree = "<group>";
		};
		0DA327552AE1321600319BAB /* Products */ = {
			isa = PBXGroup;
			children = (
				0DA327542AE1321600319BAB /* Mac_Health.app */,
			);
			name = Products;
			sourceTree = "<group>";
		};
		0DA327562AE1321600319BAB /* Mac_Health */ = {
			isa = PBXGroup;
			children = (
				F80BF2A72AE6A07D00EA4E07 /* Mac-Health-Info.plist */,
				0DA327572AE1321600319BAB /* Mac_HealthApp.swift */,
				0DA3275D2AE1321700319BAB /* Preview Content */,
				0DA327652AE1356D00319BAB /* Ext+ */,
				0DA327662AE1357300319BAB /* Common */,
				0DA327752AE13F5200319BAB /* Page */,
				F89B3BF22AE5142800CACBD9 /* Model */,
				0DA3275B2AE1321700319BAB /* Assets.xcassets */,
			);
			path = Mac_Health;
			sourceTree = "<group>";
		};
		0DA3275D2AE1321700319BAB /* Preview Content */ = {
			isa = PBXGroup;
			children = (
				0DA3275E2AE1321700319BAB /* Preview Assets.xcassets */,
			);
			path = "Preview Content";
			sourceTree = "<group>";
		};
		0DA327652AE1356D00319BAB /* Ext+ */ = {
			isa = PBXGroup;
			children = (
				0DA327672AE1359B00319BAB /* Ext+Color.swift */,
				0DA327692AE13BE000319BAB /* Ext+Font.swift */,
				0DA327762AE1470C00319BAB /* Ext+UIScreen.swift */,
				0DC02D672AE6B99B00258920 /* Ext+UITabBarController.swift */,
			);
			path = "Ext+";
			sourceTree = "<group>";
		};
		0DA327662AE1357300319BAB /* Common */ = {
			isa = PBXGroup;
			children = (
				F8BE834C2AE68D500094A509 /* Component */,
				F8BE834D2AE68D590094A509 /* Font */,
			);
			path = Common;
			sourceTree = "<group>";
		};
		0DA327752AE13F5200319BAB /* Page */ = {
			isa = PBXGroup;
			children = (
				D569C78F2AF9456900FDADED /* Main */,
				D569C78C2AF9451D00FDADED /* RoutineView */,
				F8BE835B2AE68F1B0094A509 /* SearchView */,
				F8F3A13B2AFA34EF0068F885 /* RecordView */,
				F8F3A14C2AFA69A60068F885 /* ProfileView */,
			);
			path = Page;
			sourceTree = "<group>";
		};
		D569C78C2AF9451D00FDADED /* RoutineView */ = {
			isa = PBXGroup;
			children = (
				D569C7902AF9459900FDADED /* View */,
				D569C7912AF945A200FDADED /* ViewModel */,
			);
			path = RoutineView;
			sourceTree = "<group>";
		};
		D569C78F2AF9456900FDADED /* Main */ = {
			isa = PBXGroup;
			children = (
				0DA327592AE1321600319BAB /* MainView.swift */,
			);
			path = Main;
			sourceTree = "<group>";
		};
		D569C7902AF9459900FDADED /* View */ = {
			isa = PBXGroup;
			children = (
				D5D8F17A2AF399830032A788 /* TodayRoutineMultiView.swift */,
				D56A0C6F2AF2153A004D1747 /* TodayStartView.swift */,
				D5D8F17D2AF39EC80032A788 /* ChangeRoutineView.swift */,
				D569C7882AF5152100FDADED /* SelectedRoutineView.swift */,
				F843AFA02AF6737300EDA547 /* WorkoutListView.swift */,
				F89B3BD32AE251F600CACBD9 /* WorkoutOngoingView.swift */,
				F82674CC2AF7DA9B002BFACD /* WorkoutStatusView.swift */,
				F82674CE2AF7F099002BFACD /* WorkoutStatusEditView.swift */,
				D569C7922AF945C200FDADED /* Sheet */,
			);
			path = View;
			sourceTree = "<group>";
		};
		D569C7912AF945A200FDADED /* ViewModel */ = {
			isa = PBXGroup;
			children = (
				D5D8F1782AF2A97B0032A788 /* TodaySpecificViewModel.swift */,
				F877F0AF2AFBEB38009D49B4 /* ChangeRoutineViewModel.swift */,
				D569C78A2AF9440600FDADED /* RoutineVM.swift */,
				F89B3BE12AE2BDB700CACBD9 /* WorkoutOngoingVM.swift */,
				F877F0AB2AFBBA40009D49B4 /* TodayRoutineMultiViewModel.swift */,
				F877F0AD2AFBE9BD009D49B4 /* TodayStartViewModel.swift */,
				F877F0B12AFBEC9F009D49B4 /* SelectedRoutineViewModel.swift */,
			);
			path = ViewModel;
			sourceTree = "<group>";
		};
		D569C7922AF945C200FDADED /* Sheet */ = {
			isa = PBXGroup;
			children = (
				F82674C22AF67EF5002BFACD /* DetailedWorkoutSheet.swift */,
				F82674C42AF68F11002BFACD /* AlternativeWorkoutSheet.swift */,
				F82674C72AF7A7AD002BFACD /* PauseSheet.swift */,
			);
			path = Sheet;
			sourceTree = "<group>";
		};
		D569C7932AF9EAC000FDADED /* View */ = {
			isa = PBXGroup;
			children = (
				D5B780352AE26B2100A8B76A /* SearchView.swift */,
				D5B7804C2AE3CB9800A8B76A /* SubscribeView.swift */,
			);
			path = View;
			sourceTree = "<group>";
		};
		D569C7992AF9F67F00FDADED /* ViewModel */ = {
			isa = PBXGroup;
			children = (
				D5B780492AE3C12800A8B76A /* RecommendInfluencer.swift */,
			);
			path = ViewModel;
			sourceTree = "<group>";
		};
		F89B3BF22AE5142800CACBD9 /* Model */ = {
			isa = PBXGroup;
			children = (
				0D4495C12AFA6AA600F25CD4 /* Network */,
				F8BE83512AE68DDF0094A509 /* Workout */,
				D5B780532AE4F8FD00A8B76A /* PreviewRoutine.swift */,
			);
			path = Model;
			sourceTree = "<group>";
		};
		F8BE834C2AE68D500094A509 /* Component */ = {
			isa = PBXGroup;
			children = (
				F89B3BE62AE502F000CACBD9 /* WorkoutSequenceCard.swift */,
				F8FD48DD2AE7F13C007DB402 /* FloatingButton.swift */,
				F89B3BF02AE511C100CACBD9 /* WorkoutSetCard.swift */,
				F89B3BEE2AE50D1600CACBD9 /* RelatedContentCard.swift */,
				F89B3BEA2AE5045000CACBD9 /* EmptyCheckButton.swift */,
				F89B3BE82AE503B500CACBD9 /* CheckButton.swift */,
				F89B3BEC2AE5064200CACBD9 /* AlternativeWorkoutCard.swift */,
				D5B780422AE3962200A8B76A /* InfluencerCard.swift */,
				D5B7805F2AE51E5300A8B76A /* TopImage.swift */,
				0D5851572AE4F34400C8875A /* WorkoutCell.swift */,
				D56A0C6C2AF21377004D1747 /* SubscribedInfluencerCard.swift */,
			);
			path = Component;
			sourceTree = "<group>";
		};
		F8BE834D2AE68D590094A509 /* Font */ = {
			isa = PBXGroup;
			children = (
				0DA327712AE13C3200319BAB /* Pretendard-Black.otf */,
				0DA327732AE13C3200319BAB /* Pretendard-Bold.otf */,
				0DA3276E2AE13C3200319BAB /* Pretendard-ExtraBold.otf */,
				0DA3276C2AE13C3200319BAB /* Pretendard-ExtraLight.otf */,
				0DA327742AE13C3200319BAB /* Pretendard-Light.otf */,
				0DA327702AE13C3200319BAB /* Pretendard-Medium.otf */,
				0DA3276D2AE13C3200319BAB /* Pretendard-Regular.otf */,
				0DA327722AE13C3200319BAB /* Pretendard-SemiBold.otf */,
				0DA3276F2AE13C3200319BAB /* Pretendard-Thin.otf */,
			);
			path = Font;
			sourceTree = "<group>";
		};
		F8BE83512AE68DDF0094A509 /* Workout */ = {
			isa = PBXGroup;
			children = (
				F89B3BE32AE2C33D00CACBD9 /* WorkoutSetModel.swift */,
				F89B3BF32AE516A900CACBD9 /* WorkoutModel.swift */,
			);
			path = Workout;
			sourceTree = "<group>";
		};
		F8BE835B2AE68F1B0094A509 /* SearchView */ = {
			isa = PBXGroup;
			children = (
				D569C7932AF9EAC000FDADED /* View */,
				D569C7992AF9F67F00FDADED /* ViewModel */,
			);
			path = SearchView;
			sourceTree = "<group>";
		};
		F8F3A13B2AFA34EF0068F885 /* RecordView */ = {
			isa = PBXGroup;
			children = (
				F8F3A1482AFA35310068F885 /* View */,
			);
			path = RecordView;
			sourceTree = "<group>";
		};
		F8F3A1482AFA35310068F885 /* View */ = {
			isa = PBXGroup;
			children = (
				F8F3A13D2AFA35210068F885 /* FSCalendarView.swift */,
				F8F3A13E2AFA35210068F885 /* CalenderView.swift */,
				F8F3A1412AFA35210068F885 /* RecordSpecificView.swift */,
				F8F3A1422AFA35210068F885 /* RecordEditView.swift */,
				F8F3A13F2AFA35210068F885 /* RecordView.swift */,
			);
			path = View;
			sourceTree = "<group>";
		};
		F8F3A14C2AFA69A60068F885 /* ProfileView */ = {
			isa = PBXGroup;
			children = (
			);
			path = ProfileView;
			sourceTree = "<group>";
		};
/* End PBXGroup section */

/* Begin PBXNativeTarget section */
		0DA327532AE1321600319BAB /* Mac_Health */ = {
			isa = PBXNativeTarget;
			buildConfigurationList = 0DA327622AE1321700319BAB /* Build configuration list for PBXNativeTarget "Mac_Health" */;
			buildPhases = (
				0DA327502AE1321600319BAB /* Sources */,
				0DA327512AE1321600319BAB /* Frameworks */,
				0DA327522AE1321600319BAB /* Resources */,
			);
			buildRules = (
			);
			dependencies = (
			);
			name = Mac_Health;
			packageProductDependencies = (
				0D4495C52AFA6AE400F25CD4 /* CombineMoya */,
				0D4495C72AFA6AE400F25CD4 /* Moya */,
				0D4495C92AFA6AE400F25CD4 /* ReactiveMoya */,
				0D4495CB2AFA6AE400F25CD4 /* RxMoya */,
				0D4495B82AF6A60600F25CD4 /* FSCalendar */,
			);
			productName = Mac_Health;
			productReference = 0DA327542AE1321600319BAB /* Mac_Health.app */;
			productType = "com.apple.product-type.application";
		};
/* End PBXNativeTarget section */

/* Begin PBXProject section */
		0DA3274C2AE1321600319BAB /* Project object */ = {
			isa = PBXProject;
			attributes = {
				BuildIndependentTargetsInParallel = 1;
				LastSwiftUpdateCheck = 1430;
				LastUpgradeCheck = 1430;
				TargetAttributes = {
					0DA327532AE1321600319BAB = {
						CreatedOnToolsVersion = 14.3;
					};
				};
			};
			buildConfigurationList = 0DA3274F2AE1321600319BAB /* Build configuration list for PBXProject "Mac_Health" */;
			compatibilityVersion = "Xcode 14.0";
			developmentRegion = ko;
			hasScannedForEncodings = 0;
			knownRegions = (
				en,
				Base,
				ko,
			);
			mainGroup = 0DA3274B2AE1321600319BAB;
			packageReferences = (
				0D4495C42AFA6AE400F25CD4 /* XCRemoteSwiftPackageReference "Moya" */,
				0D4495B72AF6A60600F25CD4 /* XCRemoteSwiftPackageReference "FSCalendar" */,
			);
			productRefGroup = 0DA327552AE1321600319BAB /* Products */;
			projectDirPath = "";
			projectRoot = "";
			targets = (
				0DA327532AE1321600319BAB /* Mac_Health */,
			);
		};
/* End PBXProject section */

/* Begin PBXResourcesBuildPhase section */
		0DA327522AE1321600319BAB /* Resources */ = {
			isa = PBXResourcesBuildPhase;
			buildActionMask = 2147483647;
			files = (
				0D5851552AE2F03700C8875A /* Pretendard-SemiBold.otf in Resources */,
				0D5851502AE2EFA700C8875A /* Pretendard-ExtraLight.otf in Resources */,
				0D5851532AE2EFAD00C8875A /* Pretendard-Bold.otf in Resources */,
				0D5851512AE2EFA800C8875A /* Pretendard-Light.otf in Resources */,
				0D5851522AE2EFAA00C8875A /* Pretendard-ExtraBold.otf in Resources */,
				0D58514C2AE2EF9D00C8875A /* Pretendard-Thin.otf in Resources */,
				0DA3275F2AE1321700319BAB /* Preview Assets.xcassets in Resources */,
				0D5851542AE2EFAF00C8875A /* Pretendard-Black.otf in Resources */,
				0D58514E2AE2EFA200C8875A /* Pretendard-Regular.otf in Resources */,
				0DA3275C2AE1321700319BAB /* Assets.xcassets in Resources */,
				0D58514F2AE2EFA400C8875A /* Pretendard-Medium.otf in Resources */,
			);
			runOnlyForDeploymentPostprocessing = 0;
		};
/* End PBXResourcesBuildPhase section */

/* Begin PBXSourcesBuildPhase section */
		0DA327502AE1321600319BAB /* Sources */ = {
			isa = PBXSourcesBuildPhase;
			buildActionMask = 2147483647;
			files = (
				F89B3BEB2AE5045000CACBD9 /* EmptyCheckButton.swift in Sources */,
				F89B3BF42AE516A900CACBD9 /* WorkoutModel.swift in Sources */,
				F877F0AC2AFBBA40009D49B4 /* TodayRoutineMultiViewModel.swift in Sources */,
				F8F3A1472AFA35210068F885 /* RecordEditView.swift in Sources */,
				F8FD48DE2AE7F13C007DB402 /* FloatingButton.swift in Sources */,
				F89B3BE42AE2C33D00CACBD9 /* WorkoutSetModel.swift in Sources */,
				D569C78B2AF9440600FDADED /* RoutineVM.swift in Sources */,
				F82674C52AF68F11002BFACD /* AlternativeWorkoutSheet.swift in Sources */,
				D56A0C702AF2153A004D1747 /* TodayStartView.swift in Sources */,
				D56A0C6D2AF21377004D1747 /* SubscribedInfluencerCard.swift in Sources */,
				F89B3BED2AE5064200CACBD9 /* AlternativeWorkoutCard.swift in Sources */,
				0DA3276A2AE13BE000319BAB /* Ext+Font.swift in Sources */,
				F838A12C2AFB79E500688893 /* APIBody.swift in Sources */,
				F82674C32AF67EF5002BFACD /* DetailedWorkoutSheet.swift in Sources */,
				F82674CD2AF7DA9B002BFACD /* WorkoutStatusView.swift in Sources */,
				F877F0B02AFBEB38009D49B4 /* ChangeRoutineViewModel.swift in Sources */,
				D5B7804A2AE3C12800A8B76A /* RecommendInfluencer.swift in Sources */,
				F8F3A1452AFA35210068F885 /* RecordView.swift in Sources */,
				D5B780602AE51E5300A8B76A /* TopImage.swift in Sources */,
				0D5851582AE4F34400C8875A /* WorkoutCell.swift in Sources */,
				0D4495CE2AFA6AF400F25CD4 /* GeneralAPI.swift in Sources */,
				0DA327682AE1359B00319BAB /* Ext+Color.swift in Sources */,
				0DC02D682AE6B99B00258920 /* Ext+UITabBarController.swift in Sources */,
				F8F3A1442AFA35210068F885 /* CalenderView.swift in Sources */,
				0DA327772AE1470C00319BAB /* Ext+UIScreen.swift in Sources */,
				F82674CF2AF7F099002BFACD /* WorkoutStatusEditView.swift in Sources */,
				F89B3BEF2AE50D1600CACBD9 /* RelatedContentCard.swift in Sources */,
				F89B3BE22AE2BDB700CACBD9 /* WorkoutOngoingVM.swift in Sources */,
				F89B3BE72AE502F000CACBD9 /* WorkoutSequenceCard.swift in Sources */,
				0DA3275A2AE1321600319BAB /* MainView.swift in Sources */,
				F8FC2A4C2AFCA0A3006CEE17 /* GeneralAPIManger.swift in Sources */,
				F82674C82AF7A7AD002BFACD /* PauseSheet.swift in Sources */,
				F89B3BF12AE511C100CACBD9 /* WorkoutSetCard.swift in Sources */,
				0DA327582AE1321600319BAB /* Mac_HealthApp.swift in Sources */,
				F89B3BE92AE503B500CACBD9 /* CheckButton.swift in Sources */,
				F89B3BD42AE251F600CACBD9 /* WorkoutOngoingView.swift in Sources */,
				D5B780542AE4F8FD00A8B76A /* PreviewRoutine.swift in Sources */,
				F877F0B22AFBEC9F009D49B4 /* SelectedRoutineViewModel.swift in Sources */,
				F8F3A1432AFA35210068F885 /* FSCalendarView.swift in Sources */,
				D5D8F17E2AF39EC80032A788 /* ChangeRoutineView.swift in Sources */,
				D5B780362AE26B2100A8B76A /* SearchView.swift in Sources */,
				F8F3A1462AFA35210068F885 /* RecordSpecificView.swift in Sources */,
				F877F0AE2AFBE9BD009D49B4 /* TodayStartViewModel.swift in Sources */,
				D5B780432AE3962200A8B76A /* InfluencerCard.swift in Sources */,
				F843AFA12AF6737300EDA547 /* WorkoutListView.swift in Sources */,
				D5D8F1792AF2A97B0032A788 /* TodaySpecificViewModel.swift in Sources */,
				D5B7804D2AE3CB9800A8B76A /* SubscribeView.swift in Sources */,
				D569C7892AF5152100FDADED /* SelectedRoutineView.swift in Sources */,
				D5D8F17B2AF399830032A788 /* TodayRoutineMultiView.swift in Sources */,
			);
			runOnlyForDeploymentPostprocessing = 0;
		};
/* End PBXSourcesBuildPhase section */

/* Begin XCBuildConfiguration section */
		0DA327602AE1321700319BAB /* Debug */ = {
			isa = XCBuildConfiguration;
			buildSettings = {
				ALWAYS_SEARCH_USER_PATHS = NO;
				CLANG_ANALYZER_NONNULL = YES;
				CLANG_ANALYZER_NUMBER_OBJECT_CONVERSION = YES_AGGRESSIVE;
				CLANG_CXX_LANGUAGE_STANDARD = "gnu++20";
				CLANG_ENABLE_MODULES = YES;
				CLANG_ENABLE_OBJC_ARC = YES;
				CLANG_ENABLE_OBJC_WEAK = YES;
				CLANG_WARN_BLOCK_CAPTURE_AUTORELEASING = YES;
				CLANG_WARN_BOOL_CONVERSION = YES;
				CLANG_WARN_COMMA = YES;
				CLANG_WARN_CONSTANT_CONVERSION = YES;
				CLANG_WARN_DEPRECATED_OBJC_IMPLEMENTATIONS = YES;
				CLANG_WARN_DIRECT_OBJC_ISA_USAGE = YES_ERROR;
				CLANG_WARN_DOCUMENTATION_COMMENTS = YES;
				CLANG_WARN_EMPTY_BODY = YES;
				CLANG_WARN_ENUM_CONVERSION = YES;
				CLANG_WARN_INFINITE_RECURSION = YES;
				CLANG_WARN_INT_CONVERSION = YES;
				CLANG_WARN_NON_LITERAL_NULL_CONVERSION = YES;
				CLANG_WARN_OBJC_IMPLICIT_RETAIN_SELF = YES;
				CLANG_WARN_OBJC_LITERAL_CONVERSION = YES;
				CLANG_WARN_OBJC_ROOT_CLASS = YES_ERROR;
				CLANG_WARN_QUOTED_INCLUDE_IN_FRAMEWORK_HEADER = YES;
				CLANG_WARN_RANGE_LOOP_ANALYSIS = YES;
				CLANG_WARN_STRICT_PROTOTYPES = YES;
				CLANG_WARN_SUSPICIOUS_MOVE = YES;
				CLANG_WARN_UNGUARDED_AVAILABILITY = YES_AGGRESSIVE;
				CLANG_WARN_UNREACHABLE_CODE = YES;
				CLANG_WARN__DUPLICATE_METHOD_MATCH = YES;
				COPY_PHASE_STRIP = NO;
				DEBUG_INFORMATION_FORMAT = dwarf;
				ENABLE_STRICT_OBJC_MSGSEND = YES;
				ENABLE_TESTABILITY = YES;
				GCC_C_LANGUAGE_STANDARD = gnu11;
				GCC_DYNAMIC_NO_PIC = NO;
				GCC_NO_COMMON_BLOCKS = YES;
				GCC_OPTIMIZATION_LEVEL = 0;
				GCC_PREPROCESSOR_DEFINITIONS = (
					"DEBUG=1",
					"$(inherited)",
				);
				GCC_WARN_64_TO_32_BIT_CONVERSION = YES;
				GCC_WARN_ABOUT_RETURN_TYPE = YES_ERROR;
				GCC_WARN_UNDECLARED_SELECTOR = YES;
				GCC_WARN_UNINITIALIZED_AUTOS = YES_AGGRESSIVE;
				GCC_WARN_UNUSED_FUNCTION = YES;
				GCC_WARN_UNUSED_VARIABLE = YES;
				IPHONEOS_DEPLOYMENT_TARGET = 16.4;
				MTL_ENABLE_DEBUG_INFO = INCLUDE_SOURCE;
				MTL_FAST_MATH = YES;
				ONLY_ACTIVE_ARCH = YES;
				SDKROOT = iphoneos;
				SWIFT_ACTIVE_COMPILATION_CONDITIONS = DEBUG;
				SWIFT_OPTIMIZATION_LEVEL = "-Onone";
			};
			name = Debug;
		};
		0DA327612AE1321700319BAB /* Release */ = {
			isa = XCBuildConfiguration;
			buildSettings = {
				ALWAYS_SEARCH_USER_PATHS = NO;
				CLANG_ANALYZER_NONNULL = YES;
				CLANG_ANALYZER_NUMBER_OBJECT_CONVERSION = YES_AGGRESSIVE;
				CLANG_CXX_LANGUAGE_STANDARD = "gnu++20";
				CLANG_ENABLE_MODULES = YES;
				CLANG_ENABLE_OBJC_ARC = YES;
				CLANG_ENABLE_OBJC_WEAK = YES;
				CLANG_WARN_BLOCK_CAPTURE_AUTORELEASING = YES;
				CLANG_WARN_BOOL_CONVERSION = YES;
				CLANG_WARN_COMMA = YES;
				CLANG_WARN_CONSTANT_CONVERSION = YES;
				CLANG_WARN_DEPRECATED_OBJC_IMPLEMENTATIONS = YES;
				CLANG_WARN_DIRECT_OBJC_ISA_USAGE = YES_ERROR;
				CLANG_WARN_DOCUMENTATION_COMMENTS = YES;
				CLANG_WARN_EMPTY_BODY = YES;
				CLANG_WARN_ENUM_CONVERSION = YES;
				CLANG_WARN_INFINITE_RECURSION = YES;
				CLANG_WARN_INT_CONVERSION = YES;
				CLANG_WARN_NON_LITERAL_NULL_CONVERSION = YES;
				CLANG_WARN_OBJC_IMPLICIT_RETAIN_SELF = YES;
				CLANG_WARN_OBJC_LITERAL_CONVERSION = YES;
				CLANG_WARN_OBJC_ROOT_CLASS = YES_ERROR;
				CLANG_WARN_QUOTED_INCLUDE_IN_FRAMEWORK_HEADER = YES;
				CLANG_WARN_RANGE_LOOP_ANALYSIS = YES;
				CLANG_WARN_STRICT_PROTOTYPES = YES;
				CLANG_WARN_SUSPICIOUS_MOVE = YES;
				CLANG_WARN_UNGUARDED_AVAILABILITY = YES_AGGRESSIVE;
				CLANG_WARN_UNREACHABLE_CODE = YES;
				CLANG_WARN__DUPLICATE_METHOD_MATCH = YES;
				COPY_PHASE_STRIP = NO;
				DEBUG_INFORMATION_FORMAT = "dwarf-with-dsym";
				ENABLE_NS_ASSERTIONS = NO;
				ENABLE_STRICT_OBJC_MSGSEND = YES;
				GCC_C_LANGUAGE_STANDARD = gnu11;
				GCC_NO_COMMON_BLOCKS = YES;
				GCC_WARN_64_TO_32_BIT_CONVERSION = YES;
				GCC_WARN_ABOUT_RETURN_TYPE = YES_ERROR;
				GCC_WARN_UNDECLARED_SELECTOR = YES;
				GCC_WARN_UNINITIALIZED_AUTOS = YES_AGGRESSIVE;
				GCC_WARN_UNUSED_FUNCTION = YES;
				GCC_WARN_UNUSED_VARIABLE = YES;
				IPHONEOS_DEPLOYMENT_TARGET = 16.4;
				MTL_ENABLE_DEBUG_INFO = NO;
				MTL_FAST_MATH = YES;
				SDKROOT = iphoneos;
				SWIFT_COMPILATION_MODE = wholemodule;
				SWIFT_OPTIMIZATION_LEVEL = "-O";
				VALIDATE_PRODUCT = YES;
			};
			name = Release;
		};
		0DA327632AE1321700319BAB /* Debug */ = {
			isa = XCBuildConfiguration;
			buildSettings = {
				ASSETCATALOG_COMPILER_APPICON_NAME = AppIcon;
				ASSETCATALOG_COMPILER_GLOBAL_ACCENT_COLOR_NAME = AccentColor;
				CODE_SIGN_STYLE = Automatic;
				CURRENT_PROJECT_VERSION = 1;
				DEVELOPMENT_ASSET_PATHS = "\"Mac_Health/Preview Content\"";
				DEVELOPMENT_TEAM = VA3J8597P8;
				ENABLE_PREVIEWS = YES;
				GENERATE_INFOPLIST_FILE = YES;
				INFOPLIST_FILE = "Mac-Health-Info.plist";
				INFOPLIST_KEY_UIApplicationSceneManifest_Generation = YES;
				INFOPLIST_KEY_UIApplicationSupportsIndirectInputEvents = YES;
				INFOPLIST_KEY_UILaunchScreen_Generation = YES;
				INFOPLIST_KEY_UISupportedInterfaceOrientations = UIInterfaceOrientationPortrait;
				INFOPLIST_KEY_UISupportedInterfaceOrientations_iPad = "UIInterfaceOrientationLandscapeLeft UIInterfaceOrientationLandscapeRight UIInterfaceOrientationPortrait UIInterfaceOrientationPortraitUpsideDown";
				INFOPLIST_KEY_UIUserInterfaceStyle = Dark;
				LD_RUNPATH_SEARCH_PATHS = (
					"$(inherited)",
					"@executable_path/Frameworks",
				);
				MARKETING_VERSION = 1.0;
				PRODUCT_BUNDLE_IDENTIFIER = com.booster.BEFLE;
				PRODUCT_NAME = "$(TARGET_NAME)";
				SUPPORTED_PLATFORMS = "iphoneos iphonesimulator";
				SUPPORTS_MACCATALYST = NO;
				SUPPORTS_MAC_DESIGNED_FOR_IPHONE_IPAD = NO;
				SWIFT_EMIT_LOC_STRINGS = YES;
				SWIFT_VERSION = 5.0;
				TARGETED_DEVICE_FAMILY = 1;
			};
			name = Debug;
		};
		0DA327642AE1321700319BAB /* Release */ = {
			isa = XCBuildConfiguration;
			buildSettings = {
				ASSETCATALOG_COMPILER_APPICON_NAME = AppIcon;
				ASSETCATALOG_COMPILER_GLOBAL_ACCENT_COLOR_NAME = AccentColor;
				CODE_SIGN_STYLE = Automatic;
				CURRENT_PROJECT_VERSION = 1;
				DEVELOPMENT_ASSET_PATHS = "\"Mac_Health/Preview Content\"";
				DEVELOPMENT_TEAM = VA3J8597P8;
				ENABLE_PREVIEWS = YES;
				GENERATE_INFOPLIST_FILE = YES;
				INFOPLIST_FILE = "Mac-Health-Info.plist";
				INFOPLIST_KEY_UIApplicationSceneManifest_Generation = YES;
				INFOPLIST_KEY_UIApplicationSupportsIndirectInputEvents = YES;
				INFOPLIST_KEY_UILaunchScreen_Generation = YES;
				INFOPLIST_KEY_UISupportedInterfaceOrientations = UIInterfaceOrientationPortrait;
				INFOPLIST_KEY_UISupportedInterfaceOrientations_iPad = "UIInterfaceOrientationLandscapeLeft UIInterfaceOrientationLandscapeRight UIInterfaceOrientationPortrait UIInterfaceOrientationPortraitUpsideDown";
				INFOPLIST_KEY_UIUserInterfaceStyle = Dark;
				LD_RUNPATH_SEARCH_PATHS = (
					"$(inherited)",
					"@executable_path/Frameworks",
				);
				MARKETING_VERSION = 1.0;
				PRODUCT_BUNDLE_IDENTIFIER = com.booster.BEFLE;
				PRODUCT_NAME = "$(TARGET_NAME)";
				SUPPORTED_PLATFORMS = "iphoneos iphonesimulator";
				SUPPORTS_MACCATALYST = NO;
				SUPPORTS_MAC_DESIGNED_FOR_IPHONE_IPAD = NO;
				SWIFT_EMIT_LOC_STRINGS = YES;
				SWIFT_VERSION = 5.0;
				TARGETED_DEVICE_FAMILY = 1;
			};
			name = Release;
		};
/* End XCBuildConfiguration section */

/* Begin XCConfigurationList section */
		0DA3274F2AE1321600319BAB /* Build configuration list for PBXProject "Mac_Health" */ = {
			isa = XCConfigurationList;
			buildConfigurations = (
				0DA327602AE1321700319BAB /* Debug */,
				0DA327612AE1321700319BAB /* Release */,
			);
			defaultConfigurationIsVisible = 0;
			defaultConfigurationName = Release;
		};
		0DA327622AE1321700319BAB /* Build configuration list for PBXNativeTarget "Mac_Health" */ = {
			isa = XCConfigurationList;
			buildConfigurations = (
				0DA327632AE1321700319BAB /* Debug */,
				0DA327642AE1321700319BAB /* Release */,
			);
			defaultConfigurationIsVisible = 0;
			defaultConfigurationName = Release;
		};
/* End XCConfigurationList section */

/* Begin XCRemoteSwiftPackageReference section */
		0D4495B72AF6A60600F25CD4 /* XCRemoteSwiftPackageReference "FSCalendar" */ = {
			isa = XCRemoteSwiftPackageReference;
			repositoryURL = "https://github.com/WenchaoD/FSCalendar.git";
			requirement = {
				kind = upToNextMajorVersion;
				minimumVersion = 2.8.4;
			};
		};
		0D4495C42AFA6AE400F25CD4 /* XCRemoteSwiftPackageReference "Moya" */ = {
			isa = XCRemoteSwiftPackageReference;
			repositoryURL = "https://github.com/Moya/Moya.git";
			requirement = {
				kind = upToNextMajorVersion;
				minimumVersion = 15.0.3;
			};
		};
/* End XCRemoteSwiftPackageReference section */

/* Begin XCSwiftPackageProductDependency section */
		0D4495B82AF6A60600F25CD4 /* FSCalendar */ = {
			isa = XCSwiftPackageProductDependency;
			package = 0D4495B72AF6A60600F25CD4 /* XCRemoteSwiftPackageReference "FSCalendar" */;
			productName = FSCalendar;
		};
		0D4495C52AFA6AE400F25CD4 /* CombineMoya */ = {
			isa = XCSwiftPackageProductDependency;
			package = 0D4495C42AFA6AE400F25CD4 /* XCRemoteSwiftPackageReference "Moya" */;
			productName = CombineMoya;
		};
		0D4495C72AFA6AE400F25CD4 /* Moya */ = {
			isa = XCSwiftPackageProductDependency;
			package = 0D4495C42AFA6AE400F25CD4 /* XCRemoteSwiftPackageReference "Moya" */;
			productName = Moya;
		};
		0D4495C92AFA6AE400F25CD4 /* ReactiveMoya */ = {
			isa = XCSwiftPackageProductDependency;
			package = 0D4495C42AFA6AE400F25CD4 /* XCRemoteSwiftPackageReference "Moya" */;
			productName = ReactiveMoya;
		};
		0D4495CB2AFA6AE400F25CD4 /* RxMoya */ = {
			isa = XCSwiftPackageProductDependency;
			package = 0D4495C42AFA6AE400F25CD4 /* XCRemoteSwiftPackageReference "Moya" */;
			productName = RxMoya;
		};
/* End XCSwiftPackageProductDependency section */
	};
	rootObject = 0DA3274C2AE1321600319BAB /* Project object */;
}
